
Microsoft Visual Studio Solution File, Format Version 12.00
# Visual Studio Version 16
VisualStudioVersion = 16.0.30621.155
MinimumVisualStudioVersion = 10.0.40219.1
Project("{FAE04EC0-301F-11D3-BF4B-00C04F79EFBC}") = "Flappy Bird", "Flappy Bird.csproj", "{92B6019A-61F3-470C-B764-7C2F8C6907E1}"
EndProject
Global
	GlobalSection(SolutionConfigurationPlatforms) = preSolution
		Debug|Any CPU = Debug|Any CPU
		Release|Any CPU = Release|Any CPU
	EndGlobalSection
	GlobalSection(ProjectConfigurationPlatforms) = postSolution
		{92B6019A-61F3-470C-B764-7C2F8C6907E1}.Debug|Any CPU.ActiveCfg = Debug|Any CPU
		{92B6019A-61F3-470C-B764-7C2F8C6907E1}.Debug|Any CPU.Build.0 = Debug|Any CPU
		{92B6019A-61F3-470C-B764-7C2F8C6907E1}.Release|Any CPU.ActiveCfg = Release|Any CPU
		{92B6019A-61F3-470C-B764-7C2F8C6907E1}.Release|Any CPU.Build.0 = Release|Any CPU
	EndGlobalSection
	GlobalSection(SolutionProperties) = preSolution
		HideSolutionNode = FALSE
	EndGlobalSection
	GlobalSection(ExtensibilityGlobals) = postSolution
		SolutionGuid = {8B7912F9-C074-47C3-AEA3-8B969A0588FC}
	EndGlobalSection
EndGlobal
